
Microsoft Visual Studio Solution File, Format Version 12.00
# Visual Studio Version 16
VisualStudioVersion = 16.0.30611.23
MinimumVisualStudioVersion = 10.0.40219.1
Project("{FAE04EC0-301F-11D3-BF4B-00C04F79EFBC}") = "Car", "Car\Car.csproj", "{F996A9E5-B8E7-40BF-B028-7133DEC7D756}"
EndProject
Global
	GlobalSection(SolutionConfigurationPlatforms) = preSolution
		Debug|Any CPU = Debug|Any CPU
		Release|Any CPU = Release|Any CPU
	EndGlobalSection
	GlobalSection(ProjectConfigurationPlatforms) = postSolution
		{F996A9E5-B8E7-40BF-B028-7133DEC7D756}.Debug|Any CPU.ActiveCfg = Debug|Any CPU
		{F996A9E5-B8E7-40BF-B028-7133DEC7D756}.Debug|Any CPU.Build.0 = Debug|Any CPU
		{F996A9E5-B8E7-40BF-B028-7133DEC7D756}.Release|Any CPU.ActiveCfg = Release|Any CPU
		{F996A9E5-B8E7-40BF-B028-7133DEC7D756}.Release|Any CPU.Build.0 = Release|Any CPU
	EndGlobalSection
	GlobalSection(SolutionProperties) = preSolution
		HideSolutionNode = FALSE
	EndGlobalSection
	GlobalSection(ExtensibilityGlobals) = postSolution
		SolutionGuid = {1186B7F3-ABDD-4C05-96C0-802791FB648F}
	EndGlobalSection
EndGlobal
